// !$*UTF8*$!
{
	archiveVersion = 1;
	classes = {
	};
	objectVersion = 50;
	objects = {

/* Begin PBXBuildFile section */
		99255B7F293A14FD00A8EA56 /* AppDelegate.swift in Sources */ = {isa = PBXBuildFile; fileRef = 99255B7E293A14FD00A8EA56 /* AppDelegate.swift */; };
		99255B81293A14FD00A8EA56 /* SceneDelegate.swift in Sources */ = {isa = PBXBuildFile; fileRef = 99255B80293A14FD00A8EA56 /* SceneDelegate.swift */; };
		99255B83293A14FD00A8EA56 /* ViewController.swift in Sources */ = {isa = PBXBuildFile; fileRef = 99255B82293A14FD00A8EA56 /* ViewController.swift */; };
		99255B86293A14FD00A8EA56 /* Main.storyboard in Resources */ = {isa = PBXBuildFile; fileRef = 99255B84293A14FD00A8EA56 /* Main.storyboard */; };
		99255B88293A14FE00A8EA56 /* Assets.xcassets in Resources */ = {isa = PBXBuildFile; fileRef = 99255B87293A14FE00A8EA56 /* Assets.xcassets */; };
		99255B8B293A14FE00A8EA56 /* LaunchScreen.storyboard in Resources */ = {isa = PBXBuildFile; fileRef = 99255B89293A14FE00A8EA56 /* LaunchScreen.storyboard */; };
/* End PBXBuildFile section */

/* Begin PBXFileReference section */
		99255B7B293A14FD00A8EA56 /* Ejercicio03-Almuerzo.app */ = {isa = PBXFileReference; explicitFileType = wrapper.application; includeInIndex = 0; path = "Ejercicio03-Almuerzo.app"; sourceTree = BUILT_PRODUCTS_DIR; };
		99255B7E293A14FD00A8EA56 /* AppDelegate.swift */ = {isa = PBXFileReference; lastKnownFileType = sourcecode.swift; path = AppDelegate.swift; sourceTree = "<group>"; };
		99255B80293A14FD00A8EA56 /* SceneDelegate.swift */ = {isa = PBXFileReference; lastKnownFileType = sourcecode.swift; path = SceneDelegate.swift; sourceTree = "<group>"; };
		99255B82293A14FD00A8EA56 /* ViewController.swift */ = {isa = PBXFileReference; lastKnownFileType = sourcecode.swift; path = ViewController.swift; sourceTree = "<group>"; };
		99255B85293A14FD00A8EA56 /* Base */ = {isa = PBXFileReference; lastKnownFileType = file.storyboard; name = Base; path = Base.lproj/Main.storyboard; sourceTree = "<group>"; };
		99255B87293A14FE00A8EA56 /* Assets.xcassets */ = {isa = PBXFileReference; lastKnownFileType = folder.assetcatalog; path = Assets.xcassets; sourceTree = "<group>"; };
		99255B8A293A14FE00A8EA56 /* Base */ = {isa = PBXFileReference; lastKnownFileType = file.storyboard; name = Base; path = Base.lproj/LaunchScreen.storyboard; sourceTree = "<group>"; };
		99255B8C293A14FE00A8EA56 /* Info.plist */ = {isa = PBXFileReference; lastKnownFileType = text.plist.xml; path = Info.plist; sourceTree = "<group>"; };
/* End PBXFileReference section */

/* Begin PBXFrameworksBuildPhase section */
		99255B78293A14FD00A8EA56 /* Frameworks */ = {
			isa = PBXFrameworksBuildPhase;
			buildActionMask = 2147483647;
			files = (
			);
			runOnlyForDeploymentPostprocessing = 0;
		};
/* End PBXFrameworksBuildPhase section */

/* Begin PBXGroup section */
		99255B72293A14FD00A8EA56 = {
			isa = PBXGroup;
			children = (
				99255B7D293A14FD00A8EA56 /* Ejercicio03-Almuerzo */,
				99255B7C293A14FD00A8EA56 /* Products */,
			);
			sourceTree = "<group>";
		};
		99255B7C293A14FD00A8EA56 /* Products */ = {
			isa = PBXGroup;
			children = (
				99255B7B293A14FD00A8EA56 /* Ejercicio03-Almuerzo.app */,
			);
			name = Products;
			sourceTree = "<group>";
		};
		99255B7D293A14FD00A8EA56 /* Ejercicio03-Almuerzo */ = {
			isa = PBXGroup;
			children = (
				99255B7E293A14FD00A8EA56 /* AppDelegate.swift */,
				99255B80293A14FD00A8EA56 /* SceneDelegate.swift */,
				99255B82293A14FD00A8EA56 /* ViewController.swift */,
				99255B84293A14FD00A8EA56 /* Main.storyboard */,
				99255B87293A14FE00A8EA56 /* Assets.xcassets */,
				99255B89293A14FE00A8EA56 /* LaunchScreen.storyboard */,
				99255B8C293A14FE00A8EA56 /* Info.plist */,
			);
			path = "Ejercicio03-Almuerzo";
			sourceTree = "<group>";
		};
/* End PBXGroup section */

/* Begin PBXNativeTarget section */
		99255B7A293A14FD00A8EA56 /* Ejercicio03-Almuerzo */ = {
			isa = PBXNativeTarget;
			buildConfigurationList = 99255B8F293A14FE00A8EA56 /* Build configuration list for PBXNativeTarget "Ejercicio03-Almuerzo" */;
			buildPhases = (
				99255B77293A14FD00A8EA56 /* Sources */,
				99255B78293A14FD00A8EA56 /* Frameworks */,
				99255B79293A14FD00A8EA56 /* Resources */,
			);
			buildRules = (
			);
			dependencies = (
			);
			name = "Ejercicio03-Almuerzo";
			productName = "Ejercicio03-Almuerzo";
			productReference = 99255B7B293A14FD00A8EA56 /* Ejercicio03-Almuerzo.app */;
			productType = "com.apple.product-type.application";
		};
/* End PBXNativeTarget section */

/* Begin PBXProject section */
		99255B73293A14FD00A8EA56 /* Project object */ = {
			isa = PBXProject;
			attributes = {
				LastSwiftUpdateCheck = 1240;
				LastUpgradeCheck = 1240;
				TargetAttributes = {
					99255B7A293A14FD00A8EA56 = {
						CreatedOnToolsVersion = 12.4;
					};
				};
			};
			buildConfigurationList = 99255B76293A14FD00A8EA56 /* Build configuration list for PBXProject "Ejercicio03-Almuerzo" */;
			compatibilityVersion = "Xcode 9.3";
			developmentRegion = en;
			hasScannedForEncodings = 0;
			knownRegions = (
				en,
				Base,
			);
			mainGroup = 99255B72293A14FD00A8EA56;
			productRefGroup = 99255B7C293A14FD00A8EA56 /* Products */;
			projectDirPath = "";
			projectRoot = "";
			targets = (
				99255B7A293A14FD00A8EA56 /* Ejercicio03-Almuerzo */,
			);
		};
/* End PBXProject section */

/* Begin PBXResourcesBuildPhase section */
		99255B79293A14FD00A8EA56 /* Resources */ = {
			isa = PBXResourcesBuildPhase;
			buildActionMask = 2147483647;
			files = (
				99255B8B293A14FE00A8EA56 /* LaunchScreen.storyboard in Resources */,
				99255B88293A14FE00A8EA56 /* Assets.xcassets in Resources */,
				99255B86293A14FD00A8EA56 /* Main.storyboard in Resources */,
			);
			runOnlyForDeploymentPostprocessing = 0;
		};
/* End PBXResourcesBuildPhase section */

/* Begin PBXSourcesBuildPhase section */
		99255B77293A14FD00A8EA56 /* Sources */ = {
			isa = PBXSourcesBuildPhase;
			buildActionMask = 2147483647;
			files = (
				99255B83293A14FD00A8EA56 /* ViewController.swift in Sources */,
				99255B7F293A14FD00A8EA56 /* AppDelegate.swift in Sources */,
				99255B81293A14FD00A8EA56 /* SceneDelegate.swift in Sources */,
			);
			runOnlyForDeploymentPostprocessing = 0;
		};
/* End PBXSourcesBuildPhase section */

/* Begin PBXVariantGroup section */
		99255B84293A14FD00A8EA56 /* Main.storyboard */ = {
			isa = PBXVariantGroup;
			children = (
				99255B85293A14FD00A8EA56 /* Base */,
			);
			name = Main.storyboard;
			sourceTree = "<group>";
		};
		99255B89293A14FE00A8EA56 /* LaunchScreen.storyboard */ = {
			isa = PBXVariantGroup;
			children = (
				99255B8A293A14FE00A8EA56 /* Base */,
			);
			name = LaunchScreen.storyboard;
			sourceTree = "<group>";
		};
/* End PBXVariantGroup section */

/* Begin XCBuildConfiguration section */
		99255B8D293A14FE00A8EA56 /* Debug */ = {
			isa = XCBuildConfiguration;
			buildSettings = {
				ALWAYS_SEARCH_USER_PATHS = NO;
				CLANG_ANALYZER_NONNULL = YES;
				CLANG_ANALYZER_NUMBER_OBJECT_CONVERSION = YES_AGGRESSIVE;
				CLANG_CXX_LANGUAGE_STANDARD = "gnu++14";
				CLANG_CXX_LIBRARY = "libc++";
				CLANG_ENABLE_MODULES = YES;
				CLANG_ENABLE_OBJC_ARC = YES;
				CLANG_ENABLE_OBJC_WEAK = YES;
				CLANG_WARN_BLOCK_CAPTURE_AUTORELEASING = YES;
				CLANG_WARN_BOOL_CONVERSION = YES;
				CLANG_WARN_COMMA = YES;
				CLANG_WARN_CONSTANT_CONVERSION = YES;
				CLANG_WARN_DEPRECATED_OBJC_IMPLEMENTATIONS = YES;
				CLANG_WARN_DIRECT_OBJC_ISA_USAGE = YES_ERROR;
				CLANG_WARN_DOCUMENTATION_COMMENTS = YES;
				CLANG_WARN_EMPTY_BODY = YES;
				CLANG_WARN_ENUM_CONVERSION = YES;
				CLANG_WARN_INFINITE_RECURSION = YES;
				CLANG_WARN_INT_CONVERSION = YES;
				CLANG_WARN_NON_LITERAL_NULL_CONVERSION = YES;
				CLANG_WARN_OBJC_IMPLICIT_RETAIN_SELF = YES;
				CLANG_WARN_OBJC_LITERAL_CONVERSION = YES;
				CLANG_WARN_OBJC_ROOT_CLASS = YES_ERROR;
				CLANG_WARN_QUOTED_INCLUDE_IN_FRAMEWORK_HEADER = YES;
				CLANG_WARN_RANGE_LOOP_ANALYSIS = YES;
				CLANG_WARN_STRICT_PROTOTYPES = YES;
				CLANG_WARN_SUSPICIOUS_MOVE = YES;
				CLANG_WARN_UNGUARDED_AVAILABILITY = YES_AGGRESSIVE;
				CLANG_WARN_UNREACHABLE_CODE = YES;
				CLANG_WARN__DUPLICATE_METHOD_MATCH = YES;
				COPY_PHASE_STRIP = NO;
				DEBUG_INFORMATION_FORMAT = dwarf;
				ENABLE_STRICT_OBJC_MSGSEND = YES;
				ENABLE_TESTABILITY = YES;
				GCC_C_LANGUAGE_STANDARD = gnu11;
				GCC_DYNAMIC_NO_PIC = NO;
				GCC_NO_COMMON_BLOCKS = YES;
				GCC_OPTIMIZATION_LEVEL = 0;
				GCC_PREPROCESSOR_DEFINITIONS = (
					"DEBUG=1",
					"$(inherited)",
				);
				GCC_WARN_64_TO_32_BIT_CONVERSION = YES;
				GCC_WARN_ABOUT_RETURN_TYPE = YES_ERROR;
				GCC_WARN_UNDECLARED_SELECTOR = YES;
				GCC_WARN_UNINITIALIZED_AUTOS = YES_AGGRESSIVE;
				GCC_WARN_UNUSED_FUNCTION = YES;
				GCC_WARN_UNUSED_VARIABLE = YES;
				IPHONEOS_DEPLOYMENT_TARGET = 14.4;
				MTL_ENABLE_DEBUG_INFO = INCLUDE_SOURCE;
				MTL_FAST_MATH = YES;
				ONLY_ACTIVE_ARCH = YES;
				SDKROOT = iphoneos;
				SWIFT_ACTIVE_COMPILATION_CONDITIONS = DEBUG;
				SWIFT_OPTIMIZATION_LEVEL = "-Onone";
			};
			name = Debug;
		};
		99255B8E293A14FE00A8EA56 /* Release */ = {
			isa = XCBuildConfiguration;
			buildSettings = {
				ALWAYS_SEARCH_USER_PATHS = NO;
				CLANG_ANALYZER_NONNULL = YES;
				CLANG_ANALYZER_NUMBER_OBJECT_CONVERSION = YES_AGGRESSIVE;
				CLANG_CXX_LANGUAGE_STANDARD = "gnu++14";
				CLANG_CXX_LIBRARY = "libc++";
				CLANG_ENABLE_MODULES = YES;
				CLANG_ENABLE_OBJC_ARC = YES;
				CLANG_ENABLE_OBJC_WEAK = YES;
				CLANG_WARN_BLOCK_CAPTURE_AUTORELEASING = YES;
				CLANG_WARN_BOOL_CONVERSION = YES;
				CLANG_WARN_COMMA = YES;
				CLANG_WARN_CONSTANT_CONVERSION = YES;
				CLANG_WARN_DEPRECATED_OBJC_IMPLEMENTATIONS = YES;
				CLANG_WARN_DIRECT_OBJC_ISA_USAGE = YES_ERROR;
				CLANG_WARN_DOCUMENTATION_COMMENTS = YES;
				CLANG_WARN_EMPTY_BODY = YES;
				CLANG_WARN_ENUM_CONVERSION = YES;
				CLANG_WARN_INFINITE_RECURSION = YES;
				CLANG_WARN_INT_CONVERSION = YES;
				CLANG_WARN_NON_LITERAL_NULL_CONVERSION = YES;
				CLANG_WARN_OBJC_IMPLICIT_RETAIN_SELF = YES;
				CLANG_WARN_OBJC_LITERAL_CONVERSION = YES;
				CLANG_WARN_OBJC_ROOT_CLASS = YES_ERROR;
				CLANG_WARN_QUOTED_INCLUDE_IN_FRAMEWORK_HEADER = YES;
				CLANG_WARN_RANGE_LOOP_ANALYSIS = YES;
				CLANG_WARN_STRICT_PROTOTYPES = YES;
				CLANG_WARN_SUSPICIOUS_MOVE = YES;
				CLANG_WARN_UNGUARDED_AVAILABILITY = YES_AGGRESSIVE;
				CLANG_WARN_UNREACHABLE_CODE = YES;
				CLANG_WARN__DUPLICATE_METHOD_MATCH = YES;
				COPY_PHASE_STRIP = NO;
				DEBUG_INFORMATION_FORMAT = "dwarf-with-dsym";
				ENABLE_NS_ASSERTIONS = NO;
				ENABLE_STRICT_OBJC_MSGSEND = YES;
				GCC_C_LANGUAGE_STANDARD = gnu11;
				GCC_NO_COMMON_BLOCKS = YES;
				GCC_WARN_64_TO_32_BIT_CONVERSION = YES;
				GCC_WARN_ABOUT_RETURN_TYPE = YES_ERROR;
				GCC_WARN_UNDECLARED_SELECTOR = YES;
				GCC_WARN_UNINITIALIZED_AUTOS = YES_AGGRESSIVE;
				GCC_WARN_UNUSED_FUNCTION = YES;
				GCC_WARN_UNUSED_VARIABLE = YES;
				IPHONEOS_DEPLOYMENT_TARGET = 14.4;
				MTL_ENABLE_DEBUG_INFO = NO;
				MTL_FAST_MATH = YES;
				SDKROOT = iphoneos;
				SWIFT_COMPILATION_MODE = wholemodule;
				SWIFT_OPTIMIZATION_LEVEL = "-O";
				VALIDATE_PRODUCT = YES;
			};
			name = Release;
		};
		99255B90293A14FE00A8EA56 /* Debug */ = {
			isa = XCBuildConfiguration;
			buildSettings = {
				ASSETCATALOG_COMPILER_APPICON_NAME = AppIcon;
				ASSETCATALOG_COMPILER_GLOBAL_ACCENT_COLOR_NAME = AccentColor;
				CODE_SIGN_STYLE = Automatic;
				INFOPLIST_FILE = "Ejercicio03-Almuerzo/Info.plist";
				LD_RUNPATH_SEARCH_PATHS = (
					"$(inherited)",
					"@executable_path/Frameworks",
				);
				PRODUCT_BUNDLE_IDENTIFIER = "AndreaSanchezCamacho.Ejercicio03-Almuerzo";
				PRODUCT_NAME = "$(TARGET_NAME)";
				SWIFT_VERSION = 5.0;
				TARGETED_DEVICE_FAMILY = "1,2";
			};
			name = Debug;
		};
		99255B91293A14FE00A8EA56 /* Release */ = {
			isa = XCBuildConfiguration;
			buildSettings = {
				ASSETCATALOG_COMPILER_APPICON_NAME = AppIcon;
				ASSETCATALOG_COMPILER_GLOBAL_ACCENT_COLOR_NAME = AccentColor;
				CODE_SIGN_STYLE = Automatic;
				INFOPLIST_FILE = "Ejercicio03-Almuerzo/Info.plist";
				LD_RUNPATH_SEARCH_PATHS = (
					"$(inherited)",
					"@executable_path/Frameworks",
				);
				PRODUCT_BUNDLE_IDENTIFIER = "AndreaSanchezCamacho.Ejercicio03-Almuerzo";
				PRODUCT_NAME = "$(TARGET_NAME)";
				SWIFT_VERSION = 5.0;
				TARGETED_DEVICE_FAMILY = "1,2";
			};
			name = Release;
		};
/* End XCBuildConfiguration section */

/* Begin XCConfigurationList section */
		99255B76293A14FD00A8EA56 /* Build configuration list for PBXProject "Ejercicio03-Almuerzo" */ = {
			isa = XCConfigurationList;
			buildConfigurations = (
				99255B8D293A14FE00A8EA56 /* Debug */,
				99255B8E293A14FE00A8EA56 /* Release */,
			);
			defaultConfigurationIsVisible = 0;
			defaultConfigurationName = Release;
		};
		99255B8F293A14FE00A8EA56 /* Build configuration list for PBXNativeTarget "Ejercicio03-Almuerzo" */ = {
			isa = XCConfigurationList;
			buildConfigurations = (
				99255B90293A14FE00A8EA56 /* Debug */,
				99255B91293A14FE00A8EA56 /* Release */,
			);
			defaultConfigurationIsVisible = 0;
			defaultConfigurationName = Release;
		};
/* End XCConfigurationList section */
	};
	rootObject = 99255B73293A14FD00A8EA56 /* Project object */;
}
